// !$*UTF8*$!
{
	archiveVersion = 1;
	classes = {
	};
	objectVersion = 46;
	objects = {

/* Begin PBXBuildFile section */
		0A4623441C2D1C55002F55DA /* IdleState.m in Sources */ = {isa = PBXBuildFile; fileRef = 0A4623431C2D1C55002F55DA /* IdleState.m */; };
		0A7719301C11DFC000C24E1F /* main.m in Sources */ = {isa = PBXBuildFile; fileRef = 0A77192F1C11DFC000C24E1F /* main.m */; };
		0A7719331C11DFC000C24E1F /* AppDelegate.m in Sources */ = {isa = PBXBuildFile; fileRef = 0A7719321C11DFC000C24E1F /* AppDelegate.m */; };
		0A7719361C11DFC000C24E1F /* ViewController.m in Sources */ = {isa = PBXBuildFile; fileRef = 0A7719351C11DFC000C24E1F /* ViewController.m */; };
		0A7719391C11DFC000C24E1F /* Main.storyboard in Resources */ = {isa = PBXBuildFile; fileRef = 0A7719371C11DFC000C24E1F /* Main.storyboard */; };
		0A77193B1C11DFC000C24E1F /* Assets.xcassets in Resources */ = {isa = PBXBuildFile; fileRef = 0A77193A1C11DFC000C24E1F /* Assets.xcassets */; };
		0A77193E1C11DFC000C24E1F /* LaunchScreen.storyboard in Resources */ = {isa = PBXBuildFile; fileRef = 0A77193C1C11DFC000C24E1F /* LaunchScreen.storyboard */; };
		0A7719491C11DFC000C24E1F /* StatePatternTests.m in Sources */ = {isa = PBXBuildFile; fileRef = 0A7719481C11DFC000C24E1F /* StatePatternTests.m */; };
		0A7719541C11DFC000C24E1F /* StatePatternUITests.m in Sources */ = {isa = PBXBuildFile; fileRef = 0A7719531C11DFC000C24E1F /* StatePatternUITests.m */; };
		0A7719631C11E50F00C24E1F /* ISeasonState.m in Sources */ = {isa = PBXBuildFile; fileRef = 0A7719621C11E50F00C24E1F /* ISeasonState.m */; };
		0A7719671C121DCA00C24E1F /* SpringState.m in Sources */ = {isa = PBXBuildFile; fileRef = 0A7719661C121DCA00C24E1F /* SpringState.m */; };
		0A77196A1C1221B100C24E1F /* StateContext.m in Sources */ = {isa = PBXBuildFile; fileRef = 0A7719691C1221B100C24E1F /* StateContext.m */; };
		0A77196D1C12226000C24E1F /* SummerState.m in Sources */ = {isa = PBXBuildFile; fileRef = 0A77196C1C12226000C24E1F /* SummerState.m */; };
		0AC7FFAC1C12B72000430AF0 /* FallState.m in Sources */ = {isa = PBXBuildFile; fileRef = 0AC7FFAB1C12B72000430AF0 /* FallState.m */; };
		0AC7FFAF1C12B78200430AF0 /* WinterState.m in Sources */ = {isa = PBXBuildFile; fileRef = 0AC7FFAE1C12B78200430AF0 /* WinterState.m */; };
/* End PBXBuildFile section */

/* Begin PBXContainerItemProxy section */
		0A7719451C11DFC000C24E1F /* PBXContainerItemProxy */ = {
			isa = PBXContainerItemProxy;
			containerPortal = 0A7719231C11DFC000C24E1F /* Project object */;
			proxyType = 1;
			remoteGlobalIDString = 0A77192A1C11DFC000C24E1F;
			remoteInfo = StatePattern;
		};
		0A7719501C11DFC000C24E1F /* PBXContainerItemProxy */ = {
			isa = PBXContainerItemProxy;
			containerPortal = 0A7719231C11DFC000C24E1F /* Project object */;
			proxyType = 1;
			remoteGlobalIDString = 0A77192A1C11DFC000C24E1F;
			remoteInfo = StatePattern;
		};
/* End PBXContainerItemProxy section */

/* Begin PBXFileReference section */
		0A4623421C2D1C55002F55DA /* IdleState.h */ = {isa = PBXFileReference; fileEncoding = 4; lastKnownFileType = sourcecode.c.h; path = IdleState.h; sourceTree = "<group>"; };
		0A4623431C2D1C55002F55DA /* IdleState.m */ = {isa = PBXFileReference; fileEncoding = 4; lastKnownFileType = sourcecode.c.objc; path = IdleState.m; sourceTree = "<group>"; };
		0A77192B1C11DFC000C24E1F /* StatePattern.app */ = {isa = PBXFileReference; explicitFileType = wrapper.application; includeInIndex = 0; path = StatePattern.app; sourceTree = BUILT_PRODUCTS_DIR; };
		0A77192F1C11DFC000C24E1F /* main.m */ = {isa = PBXFileReference; lastKnownFileType = sourcecode.c.objc; path = main.m; sourceTree = "<group>"; };
		0A7719311C11DFC000C24E1F /* AppDelegate.h */ = {isa = PBXFileReference; lastKnownFileType = sourcecode.c.h; path = AppDelegate.h; sourceTree = "<group>"; };
		0A7719321C11DFC000C24E1F /* AppDelegate.m */ = {isa = PBXFileReference; lastKnownFileType = sourcecode.c.objc; path = AppDelegate.m; sourceTree = "<group>"; };
		0A7719341C11DFC000C24E1F /* ViewController.h */ = {isa = PBXFileReference; lastKnownFileType = sourcecode.c.h; path = ViewController.h; sourceTree = "<group>"; };
		0A7719351C11DFC000C24E1F /* ViewController.m */ = {isa = PBXFileReference; lastKnownFileType = sourcecode.c.objc; path = ViewController.m; sourceTree = "<group>"; };
		0A7719381C11DFC000C24E1F /* Base */ = {isa = PBXFileReference; lastKnownFileType = file.storyboard; name = Base; path = Base.lproj/Main.storyboard; sourceTree = "<group>"; };
		0A77193A1C11DFC000C24E1F /* Assets.xcassets */ = {isa = PBXFileReference; lastKnownFileType = folder.assetcatalog; path = Assets.xcassets; sourceTree = "<group>"; };
		0A77193D1C11DFC000C24E1F /* Base */ = {isa = PBXFileReference; lastKnownFileType = file.storyboard; name = Base; path = Base.lproj/LaunchScreen.storyboard; sourceTree = "<group>"; };
		0A77193F1C11DFC000C24E1F /* Info.plist */ = {isa = PBXFileReference; lastKnownFileType = text.plist.xml; path = Info.plist; sourceTree = "<group>"; };
		0A7719441C11DFC000C24E1F /* StatePatternTests.xctest */ = {isa = PBXFileReference; explicitFileType = wrapper.cfbundle; includeInIndex = 0; path = StatePatternTests.xctest; sourceTree = BUILT_PRODUCTS_DIR; };
		0A7719481C11DFC000C24E1F /* StatePatternTests.m */ = {isa = PBXFileReference; lastKnownFileType = sourcecode.c.objc; path = StatePatternTests.m; sourceTree = "<group>"; };
		0A77194A1C11DFC000C24E1F /* Info.plist */ = {isa = PBXFileReference; lastKnownFileType = text.plist.xml; path = Info.plist; sourceTree = "<group>"; };
		0A77194F1C11DFC000C24E1F /* StatePatternUITests.xctest */ = {isa = PBXFileReference; explicitFileType = wrapper.cfbundle; includeInIndex = 0; path = StatePatternUITests.xctest; sourceTree = BUILT_PRODUCTS_DIR; };
		0A7719531C11DFC000C24E1F /* StatePatternUITests.m */ = {isa = PBXFileReference; lastKnownFileType = sourcecode.c.objc; path = StatePatternUITests.m; sourceTree = "<group>"; };
		0A7719551C11DFC000C24E1F /* Info.plist */ = {isa = PBXFileReference; lastKnownFileType = text.plist.xml; path = Info.plist; sourceTree = "<group>"; };
		0A7719611C11E50F00C24E1F /* ISeasonState.h */ = {isa = PBXFileReference; fileEncoding = 4; lastKnownFileType = sourcecode.c.h; path = ISeasonState.h; sourceTree = "<group>"; };
		0A7719621C11E50F00C24E1F /* ISeasonState.m */ = {isa = PBXFileReference; fileEncoding = 4; lastKnownFileType = sourcecode.c.objc; path = ISeasonState.m; sourceTree = "<group>"; };
		0A7719651C121DCA00C24E1F /* SpringState.h */ = {isa = PBXFileReference; fileEncoding = 4; lastKnownFileType = sourcecode.c.h; path = SpringState.h; sourceTree = "<group>"; };
		0A7719661C121DCA00C24E1F /* SpringState.m */ = {isa = PBXFileReference; fileEncoding = 4; lastKnownFileType = sourcecode.c.objc; path = SpringState.m; sourceTree = "<group>"; };
		0A7719681C1221B100C24E1F /* StateContext.h */ = {isa = PBXFileReference; fileEncoding = 4; lastKnownFileType = sourcecode.c.h; path = StateContext.h; sourceTree = "<group>"; };
		0A7719691C1221B100C24E1F /* StateContext.m */ = {isa = PBXFileReference; fileEncoding = 4; lastKnownFileType = sourcecode.c.objc; path = StateContext.m; sourceTree = "<group>"; };
		0A77196B1C12226000C24E1F /* SummerState.h */ = {isa = PBXFileReference; fileEncoding = 4; lastKnownFileType = sourcecode.c.h; path = SummerState.h; sourceTree = "<group>"; };
		0A77196C1C12226000C24E1F /* SummerState.m */ = {isa = PBXFileReference; fileEncoding = 4; lastKnownFileType = sourcecode.c.objc; path = SummerState.m; sourceTree = "<group>"; };
		0AC7FFAA1C12B72000430AF0 /* FallState.h */ = {isa = PBXFileReference; fileEncoding = 4; lastKnownFileType = sourcecode.c.h; path = FallState.h; sourceTree = "<group>"; };
		0AC7FFAB1C12B72000430AF0 /* FallState.m */ = {isa = PBXFileReference; fileEncoding = 4; lastKnownFileType = sourcecode.c.objc; path = FallState.m; sourceTree = "<group>"; };
		0AC7FFAD1C12B78200430AF0 /* WinterState.h */ = {isa = PBXFileReference; fileEncoding = 4; lastKnownFileType = sourcecode.c.h; path = WinterState.h; sourceTree = "<group>"; };
		0AC7FFAE1C12B78200430AF0 /* WinterState.m */ = {isa = PBXFileReference; fileEncoding = 4; lastKnownFileType = sourcecode.c.objc; path = WinterState.m; sourceTree = "<group>"; };
/* End PBXFileReference section */

/* Begin PBXFrameworksBuildPhase section */
		0A7719281C11DFC000C24E1F /* Frameworks */ = {
			isa = PBXFrameworksBuildPhase;
			buildActionMask = 2147483647;
			files = (
			);
			runOnlyForDeploymentPostprocessing = 0;
		};
		0A7719411C11DFC000C24E1F /* Frameworks */ = {
			isa = PBXFrameworksBuildPhase;
			buildActionMask = 2147483647;
			files = (
			);
			runOnlyForDeploymentPostprocessing = 0;
		};
		0A77194C1C11DFC000C24E1F /* Frameworks */ = {
			isa = PBXFrameworksBuildPhase;
			buildActionMask = 2147483647;
			files = (
			);
			runOnlyForDeploymentPostprocessing = 0;
		};
/* End PBXFrameworksBuildPhase section */

/* Begin PBXGroup section */
		0A7719221C11DFC000C24E1F = {
			isa = PBXGroup;
			children = (
				0A77192D1C11DFC000C24E1F /* StatePattern */,
				0A7719471C11DFC000C24E1F /* StatePatternTests */,
				0A7719521C11DFC000C24E1F /* StatePatternUITests */,
				0A77192C1C11DFC000C24E1F /* Products */,
			);
			sourceTree = "<group>";
		};
		0A77192C1C11DFC000C24E1F /* Products */ = {
			isa = PBXGroup;
			children = (
				0A77192B1C11DFC000C24E1F /* StatePattern.app */,
				0A7719441C11DFC000C24E1F /* StatePatternTests.xctest */,
				0A77194F1C11DFC000C24E1F /* StatePatternUITests.xctest */,
			);
			name = Products;
			sourceTree = "<group>";
		};
		0A77192D1C11DFC000C24E1F /* StatePattern */ = {
			isa = PBXGroup;
			children = (
				0A7719641C11E52300C24E1F /* State */,
				0A7719311C11DFC000C24E1F /* AppDelegate.h */,
				0A7719321C11DFC000C24E1F /* AppDelegate.m */,
				0A7719341C11DFC000C24E1F /* ViewController.h */,
				0A7719351C11DFC000C24E1F /* ViewController.m */,
				0A7719371C11DFC000C24E1F /* Main.storyboard */,
				0A77193A1C11DFC000C24E1F /* Assets.xcassets */,
				0A77193C1C11DFC000C24E1F /* LaunchScreen.storyboard */,
				0A77193F1C11DFC000C24E1F /* Info.plist */,
				0A77192E1C11DFC000C24E1F /* Supporting Files */,
			);
			path = StatePattern;
			sourceTree = "<group>";
		};
		0A77192E1C11DFC000C24E1F /* Supporting Files */ = {
			isa = PBXGroup;
			children = (
				0A77192F1C11DFC000C24E1F /* main.m */,
			);
			name = "Supporting Files";
			sourceTree = "<group>";
		};
		0A7719471C11DFC000C24E1F /* StatePatternTests */ = {
			isa = PBXGroup;
			children = (
				0A7719481C11DFC000C24E1F /* StatePatternTests.m */,
				0A77194A1C11DFC000C24E1F /* Info.plist */,
			);
			path = StatePatternTests;
			sourceTree = "<group>";
		};
		0A7719521C11DFC000C24E1F /* StatePatternUITests */ = {
			isa = PBXGroup;
			children = (
				0A7719531C11DFC000C24E1F /* StatePatternUITests.m */,
				0A7719551C11DFC000C24E1F /* Info.plist */,
			);
			path = StatePatternUITests;
			sourceTree = "<group>";
		};
		0A7719641C11E52300C24E1F /* State */ = {
			isa = PBXGroup;
			children = (
				0A7719611C11E50F00C24E1F /* ISeasonState.h */,
				0A7719621C11E50F00C24E1F /* ISeasonState.m */,
				0A7719651C121DCA00C24E1F /* SpringState.h */,
				0A7719661C121DCA00C24E1F /* SpringState.m */,
				0A7719681C1221B100C24E1F /* StateContext.h */,
				0A7719691C1221B100C24E1F /* StateContext.m */,
				0A77196B1C12226000C24E1F /* SummerState.h */,
				0A77196C1C12226000C24E1F /* SummerState.m */,
				0AC7FFAA1C12B72000430AF0 /* FallState.h */,
				0AC7FFAB1C12B72000430AF0 /* FallState.m */,
				0AC7FFAD1C12B78200430AF0 /* WinterState.h */,
				0AC7FFAE1C12B78200430AF0 /* WinterState.m */,
				0A4623421C2D1C55002F55DA /* IdleState.h */,
				0A4623431C2D1C55002F55DA /* IdleState.m */,
			);
			name = State;
			path = States;
			sourceTree = "<group>";
		};
/* End PBXGroup section */

/* Begin PBXNativeTarget section */
		0A77192A1C11DFC000C24E1F /* StatePattern */ = {
			isa = PBXNativeTarget;
			buildConfigurationList = 0A7719581C11DFC000C24E1F /* Build configuration list for PBXNativeTarget "StatePattern" */;
			buildPhases = (
				0A7719271C11DFC000C24E1F /* Sources */,
				0A7719281C11DFC000C24E1F /* Frameworks */,
				0A7719291C11DFC000C24E1F /* Resources */,
			);
			buildRules = (
			);
			dependencies = (
			);
			name = StatePattern;
			productName = StatePattern;
			productReference = 0A77192B1C11DFC000C24E1F /* StatePattern.app */;
			productType = "com.apple.product-type.application";
		};
		0A7719431C11DFC000C24E1F /* StatePatternTests */ = {
			isa = PBXNativeTarget;
			buildConfigurationList = 0A77195B1C11DFC000C24E1F /* Build configuration list for PBXNativeTarget "StatePatternTests" */;
			buildPhases = (
				0A7719401C11DFC000C24E1F /* Sources */,
				0A7719411C11DFC000C24E1F /* Frameworks */,
				0A7719421C11DFC000C24E1F /* Resources */,
			);
			buildRules = (
			);
			dependencies = (
				0A7719461C11DFC000C24E1F /* PBXTargetDependency */,
			);
			name = StatePatternTests;
			productName = StatePatternTests;
			productReference = 0A7719441C11DFC000C24E1F /* StatePatternTests.xctest */;
			productType = "com.apple.product-type.bundle.unit-test";
		};
		0A77194E1C11DFC000C24E1F /* StatePatternUITests */ = {
			isa = PBXNativeTarget;
			buildConfigurationList = 0A77195E1C11DFC000C24E1F /* Build configuration list for PBXNativeTarget "StatePatternUITests" */;
			buildPhases = (
				0A77194B1C11DFC000C24E1F /* Sources */,
				0A77194C1C11DFC000C24E1F /* Frameworks */,
				0A77194D1C11DFC000C24E1F /* Resources */,
			);
			buildRules = (
			);
			dependencies = (
				0A7719511C11DFC000C24E1F /* PBXTargetDependency */,
			);
			name = StatePatternUITests;
			productName = StatePatternUITests;
			productReference = 0A77194F1C11DFC000C24E1F /* StatePatternUITests.xctest */;
			productType = "com.apple.product-type.bundle.ui-testing";
		};
/* End PBXNativeTarget section */

/* Begin PBXProject section */
		0A7719231C11DFC000C24E1F /* Project object */ = {
			isa = PBXProject;
			attributes = {
				LastUpgradeCheck = 0710;
				ORGANIZATIONNAME = "白澤 義康";
				TargetAttributes = {
					0A77192A1C11DFC000C24E1F = {
						CreatedOnToolsVersion = 7.1.1;
					};
					0A7719431C11DFC000C24E1F = {
						CreatedOnToolsVersion = 7.1.1;
						TestTargetID = 0A77192A1C11DFC000C24E1F;
					};
					0A77194E1C11DFC000C24E1F = {
						CreatedOnToolsVersion = 7.1.1;
						TestTargetID = 0A77192A1C11DFC000C24E1F;
					};
				};
			};
			buildConfigurationList = 0A7719261C11DFC000C24E1F /* Build configuration list for PBXProject "StatePattern" */;
			compatibilityVersion = "Xcode 3.2";
			developmentRegion = English;
			hasScannedForEncodings = 0;
			knownRegions = (
				en,
				Base,
			);
			mainGroup = 0A7719221C11DFC000C24E1F;
			productRefGroup = 0A77192C1C11DFC000C24E1F /* Products */;
			projectDirPath = "";
			projectRoot = "";
			targets = (
				0A77192A1C11DFC000C24E1F /* StatePattern */,
				0A7719431C11DFC000C24E1F /* StatePatternTests */,
				0A77194E1C11DFC000C24E1F /* StatePatternUITests */,
			);
		};
/* End PBXProject section */

/* Begin PBXResourcesBuildPhase section */
		0A7719291C11DFC000C24E1F /* Resources */ = {
			isa = PBXResourcesBuildPhase;
			buildActionMask = 2147483647;
			files = (
				0A77193E1C11DFC000C24E1F /* LaunchScreen.storyboard in Resources */,
				0A77193B1C11DFC000C24E1F /* Assets.xcassets in Resources */,
				0A7719391C11DFC000C24E1F /* Main.storyboard in Resources */,
			);
			runOnlyForDeploymentPostprocessing = 0;
		};
		0A7719421C11DFC000C24E1F /* Resources */ = {
			isa = PBXResourcesBuildPhase;
			buildActionMask = 2147483647;
			files = (
			);
			runOnlyForDeploymentPostprocessing = 0;
		};
		0A77194D1C11DFC000C24E1F /* Resources */ = {
			isa = PBXResourcesBuildPhase;
			buildActionMask = 2147483647;
			files = (
			);
			runOnlyForDeploymentPostprocessing = 0;
		};
/* End PBXResourcesBuildPhase section */

/* Begin PBXSourcesBuildPhase section */
		0A7719271C11DFC000C24E1F /* Sources */ = {
			isa = PBXSourcesBuildPhase;
			buildActionMask = 2147483647;
			files = (
				0A7719361C11DFC000C24E1F /* ViewController.m in Sources */,
				0A7719331C11DFC000C24E1F /* AppDelegate.m in Sources */,
				0AC7FFAF1C12B78200430AF0 /* WinterState.m in Sources */,
				0A77196D1C12226000C24E1F /* SummerState.m in Sources */,
				0A7719631C11E50F00C24E1F /* ISeasonState.m in Sources */,
				0A7719301C11DFC000C24E1F /* main.m in Sources */,
				0A7719671C121DCA00C24E1F /* SpringState.m in Sources */,
				0A4623441C2D1C55002F55DA /* IdleState.m in Sources */,
				0AC7FFAC1C12B72000430AF0 /* FallState.m in Sources */,
				0A77196A1C1221B100C24E1F /* StateContext.m in Sources */,
			);
			runOnlyForDeploymentPostprocessing = 0;
		};
		0A7719401C11DFC000C24E1F /* Sources */ = {
			isa = PBXSourcesBuildPhase;
			buildActionMask = 2147483647;
			files = (
				0A7719491C11DFC000C24E1F /* StatePatternTests.m in Sources */,
			);
			runOnlyForDeploymentPostprocessing = 0;
		};
		0A77194B1C11DFC000C24E1F /* Sources */ = {
			isa = PBXSourcesBuildPhase;
			buildActionMask = 2147483647;
			files = (
				0A7719541C11DFC000C24E1F /* StatePatternUITests.m in Sources */,
			);
			runOnlyForDeploymentPostprocessing = 0;
		};
/* End PBXSourcesBuildPhase section */

/* Begin PBXTargetDependency section */
		0A7719461C11DFC000C24E1F /* PBXTargetDependency */ = {
			isa = PBXTargetDependency;
			target = 0A77192A1C11DFC000C24E1F /* StatePattern */;
			targetProxy = 0A7719451C11DFC000C24E1F /* PBXContainerItemProxy */;
		};
		0A7719511C11DFC000C24E1F /* PBXTargetDependency */ = {
			isa = PBXTargetDependency;
			target = 0A77192A1C11DFC000C24E1F /* StatePattern */;
			targetProxy = 0A7719501C11DFC000C24E1F /* PBXContainerItemProxy */;
		};
/* End PBXTargetDependency section */

/* Begin PBXVariantGroup section */
		0A7719371C11DFC000C24E1F /* Main.storyboard */ = {
			isa = PBXVariantGroup;
			children = (
				0A7719381C11DFC000C24E1F /* Base */,
			);
			name = Main.storyboard;
			sourceTree = "<group>";
		};
		0A77193C1C11DFC000C24E1F /* LaunchScreen.storyboard */ = {
			isa = PBXVariantGroup;
			children = (
				0A77193D1C11DFC000C24E1F /* Base */,
			);
			name = LaunchScreen.storyboard;
			sourceTree = "<group>";
		};
/* End PBXVariantGroup section */

/* Begin XCBuildConfiguration section */
		0A7719561C11DFC000C24E1F /* Debug */ = {
			isa = XCBuildConfiguration;
			buildSettings = {
				ALWAYS_SEARCH_USER_PATHS = NO;
				CLANG_CXX_LANGUAGE_STANDARD = "gnu++0x";
				CLANG_CXX_LIBRARY = "libc++";
				CLANG_ENABLE_MODULES = YES;
				CLANG_ENABLE_OBJC_ARC = YES;
				CLANG_WARN_BOOL_CONVERSION = YES;
				CLANG_WARN_CONSTANT_CONVERSION = YES;
				CLANG_WARN_DIRECT_OBJC_ISA_USAGE = YES_ERROR;
				CLANG_WARN_EMPTY_BODY = YES;
				CLANG_WARN_ENUM_CONVERSION = YES;
				CLANG_WARN_INT_CONVERSION = YES;
				CLANG_WARN_OBJC_ROOT_CLASS = YES_ERROR;
				CLANG_WARN_UNREACHABLE_CODE = YES;
				CLANG_WARN__DUPLICATE_METHOD_MATCH = YES;
				"CODE_SIGN_IDENTITY[sdk=iphoneos*]" = "iPhone Developer";
				COPY_PHASE_STRIP = NO;
				DEBUG_INFORMATION_FORMAT = dwarf;
				ENABLE_STRICT_OBJC_MSGSEND = YES;
				ENABLE_TESTABILITY = YES;
				GCC_C_LANGUAGE_STANDARD = gnu99;
				GCC_DYNAMIC_NO_PIC = NO;
				GCC_NO_COMMON_BLOCKS = YES;
				GCC_OPTIMIZATION_LEVEL = 0;
				GCC_PREPROCESSOR_DEFINITIONS = (
					"DEBUG=1",
					"$(inherited)",
				);
				GCC_WARN_64_TO_32_BIT_CONVERSION = YES;
				GCC_WARN_ABOUT_RETURN_TYPE = YES_ERROR;
				GCC_WARN_UNDECLARED_SELECTOR = YES;
				GCC_WARN_UNINITIALIZED_AUTOS = YES_AGGRESSIVE;
				GCC_WARN_UNUSED_FUNCTION = YES;
				GCC_WARN_UNUSED_VARIABLE = YES;
				IPHONEOS_DEPLOYMENT_TARGET = 9.1;
				MTL_ENABLE_DEBUG_INFO = YES;
				ONLY_ACTIVE_ARCH = YES;
				SDKROOT = iphoneos;
			};
			name = Debug;
		};
		0A7719571C11DFC000C24E1F /* Release */ = {
			isa = XCBuildConfiguration;
			buildSettings = {
				ALWAYS_SEARCH_USER_PATHS = NO;
				CLANG_CXX_LANGUAGE_STANDARD = "gnu++0x";
				CLANG_CXX_LIBRARY = "libc++";
				CLANG_ENABLE_MODULES = YES;
				CLANG_ENABLE_OBJC_ARC = YES;
				CLANG_WARN_BOOL_CONVERSION = YES;
				CLANG_WARN_CONSTANT_CONVERSION = YES;
				CLANG_WARN_DIRECT_OBJC_ISA_USAGE = YES_ERROR;
				CLANG_WARN_EMPTY_BODY = YES;
				CLANG_WARN_ENUM_CONVERSION = YES;
				CLANG_WARN_INT_CONVERSION = YES;
				CLANG_WARN_OBJC_ROOT_CLASS = YES_ERROR;
				CLANG_WARN_UNREACHABLE_CODE = YES;
				CLANG_WARN__DUPLICATE_METHOD_MATCH = YES;
				"CODE_SIGN_IDENTITY[sdk=iphoneos*]" = "iPhone Developer";
				COPY_PHASE_STRIP = NO;
				DEBUG_INFORMATION_FORMAT = "dwarf-with-dsym";
				ENABLE_NS_ASSERTIONS = NO;
				ENABLE_STRICT_OBJC_MSGSEND = YES;
				GCC_C_LANGUAGE_STANDARD = gnu99;
				GCC_NO_COMMON_BLOCKS = YES;
				GCC_WARN_64_TO_32_BIT_CONVERSION = YES;
				GCC_WARN_ABOUT_RETURN_TYPE = YES_ERROR;
				GCC_WARN_UNDECLARED_SELECTOR = YES;
				GCC_WARN_UNINITIALIZED_AUTOS = YES_AGGRESSIVE;
				GCC_WARN_UNUSED_FUNCTION = YES;
				GCC_WARN_UNUSED_VARIABLE = YES;
				IPHONEOS_DEPLOYMENT_TARGET = 9.1;
				MTL_ENABLE_DEBUG_INFO = NO;
				SDKROOT = iphoneos;
				VALIDATE_PRODUCT = YES;
			};
			name = Release;
		};
		0A7719591C11DFC000C24E1F /* Debug */ = {
			isa = XCBuildConfiguration;
			buildSettings = {
				ASSETCATALOG_COMPILER_APPICON_NAME = AppIcon;
				CODE_SIGN_IDENTITY = "iPhone Developer";
				INFOPLIST_FILE = StatePattern/Info.plist;
				IPHONEOS_DEPLOYMENT_TARGET = 8.4;
				LD_RUNPATH_SEARCH_PATHS = "$(inherited) @executable_path/Frameworks";
				PRODUCT_BUNDLE_IDENTIFIER = StatePattern;
				PRODUCT_NAME = "$(TARGET_NAME)";
			};
			name = Debug;
		};
		0A77195A1C11DFC000C24E1F /* Release */ = {
			isa = XCBuildConfiguration;
			buildSettings = {
				ASSETCATALOG_COMPILER_APPICON_NAME = AppIcon;
				CODE_SIGN_IDENTITY = "iPhone Developer";
				INFOPLIST_FILE = StatePattern/Info.plist;
				IPHONEOS_DEPLOYMENT_TARGET = 8.4;
				LD_RUNPATH_SEARCH_PATHS = "$(inherited) @executable_path/Frameworks";
				PRODUCT_BUNDLE_IDENTIFIER = StatePattern;
				PRODUCT_NAME = "$(TARGET_NAME)";
			};
			name = Release;
		};
		0A77195C1C11DFC000C24E1F /* Debug */ = {
			isa = XCBuildConfiguration;
			buildSettings = {
				BUNDLE_LOADER = "$(TEST_HOST)";
				INFOPLIST_FILE = StatePatternTests/Info.plist;
				LD_RUNPATH_SEARCH_PATHS = "$(inherited) @executable_path/Frameworks @loader_path/Frameworks";
				PRODUCT_BUNDLE_IDENTIFIER = "http---qiita.com-Yoshiyasu-Shirasawa.StatePatternTests";
				PRODUCT_NAME = "$(TARGET_NAME)";
				TEST_HOST = "$(BUILT_PRODUCTS_DIR)/StatePattern.app/StatePattern";
			};
			name = Debug;
		};
		0A77195D1C11DFC000C24E1F /* Release */ = {
			isa = XCBuildConfiguration;
			buildSettings = {
				BUNDLE_LOADER = "$(TEST_HOST)";
				INFOPLIST_FILE = StatePatternTests/Info.plist;
				LD_RUNPATH_SEARCH_PATHS = "$(inherited) @executable_path/Frameworks @loader_path/Frameworks";
				PRODUCT_BUNDLE_IDENTIFIER = "http---qiita.com-Yoshiyasu-Shirasawa.StatePatternTests";
				PRODUCT_NAME = "$(TARGET_NAME)";
				TEST_HOST = "$(BUILT_PRODUCTS_DIR)/StatePattern.app/StatePattern";
			};
			name = Release;
		};
		0A77195F1C11DFC000C24E1F /* Debug */ = {
			isa = XCBuildConfiguration;
			buildSettings = {
				INFOPLIST_FILE = StatePatternUITests/Info.plist;
				LD_RUNPATH_SEARCH_PATHS = "$(inherited) @executable_path/Frameworks @loader_path/Frameworks";
				PRODUCT_BUNDLE_IDENTIFIER = "http---qiita.com-Yoshiyasu-Shirasawa.StatePatternUITests";
				PRODUCT_NAME = "$(TARGET_NAME)";
				TEST_TARGET_NAME = StatePattern;
				USES_XCTRUNNER = YES;
			};
			name = Debug;
		};
		0A7719601C11DFC000C24E1F /* Release */ = {
			isa = XCBuildConfiguration;
			buildSettings = {
				INFOPLIST_FILE = StatePatternUITests/Info.plist;
				LD_RUNPATH_SEARCH_PATHS = "$(inherited) @executable_path/Frameworks @loader_path/Frameworks";
				PRODUCT_BUNDLE_IDENTIFIER = "http---qiita.com-Yoshiyasu-Shirasawa.StatePatternUITests";
				PRODUCT_NAME = "$(TARGET_NAME)";
				TEST_TARGET_NAME = StatePattern;
				USES_XCTRUNNER = YES;
			};
			name = Release;
		};
/* End XCBuildConfiguration section */

/* Begin XCConfigurationList section */
		0A7719261C11DFC000C24E1F /* Build configuration list for PBXProject "StatePattern" */ = {
			isa = XCConfigurationList;
			buildConfigurations = (
				0A7719561C11DFC000C24E1F /* Debug */,
				0A7719571C11DFC000C24E1F /* Release */,
			);
			defaultConfigurationIsVisible = 0;
			defaultConfigurationName = Release;
		};
		0A7719581C11DFC000C24E1F /* Build configuration list for PBXNativeTarget "StatePattern" */ = {
			isa = XCConfigurationList;
			buildConfigurations = (
				0A7719591C11DFC000C24E1F /* Debug */,
				0A77195A1C11DFC000C24E1F /* Release */,
			);
			defaultConfigurationIsVisible = 0;
			defaultConfigurationName = Release;
		};
		0A77195B1C11DFC000C24E1F /* Build configuration list for PBXNativeTarget "StatePatternTests" */ = {
			isa = XCConfigurationList;
			buildConfigurations = (
				0A77195C1C11DFC000C24E1F /* Debug */,
				0A77195D1C11DFC000C24E1F /* Release */,
			);
			defaultConfigurationIsVisible = 0;
			defaultConfigurationName = Release;
		};
		0A77195E1C11DFC000C24E1F /* Build configuration list for PBXNativeTarget "StatePatternUITests" */ = {
			isa = XCConfigurationList;
			buildConfigurations = (
				0A77195F1C11DFC000C24E1F /* Debug */,
				0A7719601C11DFC000C24E1F /* Release */,
			);
			defaultConfigurationIsVisible = 0;
			defaultConfigurationName = Release;
		};
/* End XCConfigurationList section */
	};
	rootObject = 0A7719231C11DFC000C24E1F /* Project object */;
}
